
Microsoft Visual Studio Solution File, Format Version 12.00
# Visual Studio Version 16
VisualStudioVersion = 16.0.30204.135
MinimumVisualStudioVersion = 10.0.40219.1
Project("{FAE04EC0-301F-11D3-BF4B-00C04F79EFBC}") = "AmountToEnglishCurrency.Tests", "AmountToEnglishCurrency.Tests\AmountToEnglishCurrency.Tests.csproj", "{4DEFBE75-A600-4CDB-8CCC-7097ABD77DC4}"
EndProject
Project("{FAE04EC0-301F-11D3-BF4B-00C04F79EFBC}") = "AmountToEnglishCurrency", "AmountToEnglishCurrency\AmountToEnglishCurrency.csproj", "{29215C73-B9E2-4F1B-9979-1095168CF1FA}"
EndProject
Global
	GlobalSection(SolutionConfigurationPlatforms) = preSolution
		Debug|Any CPU = Debug|Any CPU
		Release|Any CPU = Release|Any CPU
	EndGlobalSection
	GlobalSection(ProjectConfigurationPlatforms) = postSolution
		{4DEFBE75-A600-4CDB-8CCC-7097ABD77DC4}.Debug|Any CPU.ActiveCfg = Debug|Any CPU
		{4DEFBE75-A600-4CDB-8CCC-7097ABD77DC4}.Debug|Any CPU.Build.0 = Debug|Any CPU
		{4DEFBE75-A600-4CDB-8CCC-7097ABD77DC4}.Release|Any CPU.ActiveCfg = Release|Any CPU
		{4DEFBE75-A600-4CDB-8CCC-7097ABD77DC4}.Release|Any CPU.Build.0 = Release|Any CPU
		{29215C73-B9E2-4F1B-9979-1095168CF1FA}.Debug|Any CPU.ActiveCfg = Debug|Any CPU
		{29215C73-B9E2-4F1B-9979-1095168CF1FA}.Debug|Any CPU.Build.0 = Debug|Any CPU
		{29215C73-B9E2-4F1B-9979-1095168CF1FA}.Release|Any CPU.ActiveCfg = Release|Any CPU
		{29215C73-B9E2-4F1B-9979-1095168CF1FA}.Release|Any CPU.Build.0 = Release|Any CPU
	EndGlobalSection
	GlobalSection(SolutionProperties) = preSolution
		HideSolutionNode = FALSE
	EndGlobalSection
	GlobalSection(ExtensibilityGlobals) = postSolution
		SolutionGuid = {D4A0AEFC-6BAD-410D-97E0-816240023AC6}
	EndGlobalSection
EndGlobal
